// !$*UTF8*$!
{
	archiveVersion = 1;
	classes = {
	};
	objectVersion = 50;
	objects = {

/* Begin PBXBuildFile section */
		02ED3463BCB393F8117C959D /* Pods_UnderTheKitchen_OC.framework in Frameworks */ = {isa = PBXBuildFile; fileRef = F712F5A005AEBC0EA583A556 /* Pods_UnderTheKitchen_OC.framework */; };
		7DD3CCD8211937F100D2BCBE /* AppDelegate.m in Sources */ = {isa = PBXBuildFile; fileRef = 7DD3CCD7211937F100D2BCBE /* AppDelegate.m */; };
		7DD3CCDE211937F100D2BCBE /* Main.storyboard in Resources */ = {isa = PBXBuildFile; fileRef = 7DD3CCDC211937F100D2BCBE /* Main.storyboard */; };
		7DD3CCE0211937F200D2BCBE /* Assets.xcassets in Resources */ = {isa = PBXBuildFile; fileRef = 7DD3CCDF211937F200D2BCBE /* Assets.xcassets */; };
		7DD3CCE3211937F200D2BCBE /* LaunchScreen.storyboard in Resources */ = {isa = PBXBuildFile; fileRef = 7DD3CCE1211937F200D2BCBE /* LaunchScreen.storyboard */; };
		7DD3CCE6211937F200D2BCBE /* main.m in Sources */ = {isa = PBXBuildFile; fileRef = 7DD3CCE5211937F200D2BCBE /* main.m */; };
		7DD3CCF0211937F200D2BCBE /* UnderTheKitchen_OCTests.m in Sources */ = {isa = PBXBuildFile; fileRef = 7DD3CCEF211937F200D2BCBE /* UnderTheKitchen_OCTests.m */; };
		7DD3CCFB211937F200D2BCBE /* UnderTheKitchen_OCUITests.m in Sources */ = {isa = PBXBuildFile; fileRef = 7DD3CCFA211937F200D2BCBE /* UnderTheKitchen_OCUITests.m */; };
		7DDF65822126AC4200A6AE4F /* ios10networksolution.html in Resources */ = {isa = PBXBuildFile; fileRef = 7DDF65812126AC4200A6AE4F /* ios10networksolution.html */; };
		7DDF65852126AD0F00A6AE4F /* UTKNavigationController.m in Sources */ = {isa = PBXBuildFile; fileRef = 7DDF65842126AD0F00A6AE4F /* UTKNavigationController.m */; };
		7DDF65882126AD3C00A6AE4F /* UTKTabBarController.m in Sources */ = {isa = PBXBuildFile; fileRef = 7DDF65872126AD3C00A6AE4F /* UTKTabBarController.m */; };
		7DDF658B2126AD6C00A6AE4F /* UTKCollectionController.m in Sources */ = {isa = PBXBuildFile; fileRef = 7DDF658A2126AD6C00A6AE4F /* UTKCollectionController.m */; };
		7DDF658E2126AD8C00A6AE4F /* UTKFairController.m in Sources */ = {isa = PBXBuildFile; fileRef = 7DDF658D2126AD8C00A6AE4F /* UTKFairController.m */; };
		7DDF65912126ADA100A6AE4F /* UTKMailBoxController.m in Sources */ = {isa = PBXBuildFile; fileRef = 7DDF65902126ADA100A6AE4F /* UTKMailBoxController.m */; };
		7DDF65942126ADAF00A6AE4F /* UTKMeController.m in Sources */ = {isa = PBXBuildFile; fileRef = 7DDF65932126ADAF00A6AE4F /* UTKMeController.m */; };
		7DDF65972126ADC700A6AE4F /* UTKUnderTheKitchenController.m in Sources */ = {isa = PBXBuildFile; fileRef = 7DDF65962126ADC700A6AE4F /* UTKUnderTheKitchenController.m */; };
		7DDF659A2126ADFB00A6AE4F /* UTKCommonController.m in Sources */ = {isa = PBXBuildFile; fileRef = 7DDF65992126ADFB00A6AE4F /* UTKCommonController.m */; };
		7DDF659D2126B3DA00A6AE4F /* UIView+UTKExtension.m in Sources */ = {isa = PBXBuildFile; fileRef = 7DDF659C2126B3DA00A6AE4F /* UIView+UTKExtension.m */; };
		7DDF65A22126CFCB00A6AE4F /* UIButton+UTKExtensionPostion.m in Sources */ = {isa = PBXBuildFile; fileRef = 7DDF65A12126CFCB00A6AE4F /* UIButton+UTKExtensionPostion.m */; };
		7DDF65A42126D57900A6AE4F /* placeholder in Resources */ = {isa = PBXBuildFile; fileRef = 7DDF65A32126D57900A6AE4F /* placeholder */; };
		7DDF65A62126D59100A6AE4F /* placeholder in Resources */ = {isa = PBXBuildFile; fileRef = 7DDF65A52126D59100A6AE4F /* placeholder */; };
		7DDF65A92126D78400A6AE4F /* UTKBasketViewController.m in Sources */ = {isa = PBXBuildFile; fileRef = 7DDF65A82126D78400A6AE4F /* UTKBasketViewController.m */; };
		7DDF65AC2126D8E500A6AE4F /* UTKMeSettingViewController.m in Sources */ = {isa = PBXBuildFile; fileRef = 7DDF65AB2126D8E500A6AE4F /* UTKMeSettingViewController.m */; };
		7DDF65AF2126D97000A6AE4F /* UTKMeSearchFriendViewController.m in Sources */ = {isa = PBXBuildFile; fileRef = 7DDF65AE2126D97000A6AE4F /* UTKMeSearchFriendViewController.m */; };
		7DDF65B22126E7B500A6AE4F /* UTKMailBoxSearchViewController.m in Sources */ = {isa = PBXBuildFile; fileRef = 7DDF65B12126E7B500A6AE4F /* UTKMailBoxSearchViewController.m */; };
/* End PBXBuildFile section */

/* Begin PBXContainerItemProxy section */
		7DD3CCEC211937F200D2BCBE /* PBXContainerItemProxy */ = {
			isa = PBXContainerItemProxy;
			containerPortal = 7DD3CCCB211937F100D2BCBE /* Project object */;
			proxyType = 1;
			remoteGlobalIDString = 7DD3CCD2211937F100D2BCBE;
			remoteInfo = "UnderTheKitchen-OC";
		};
		7DD3CCF7211937F200D2BCBE /* PBXContainerItemProxy */ = {
			isa = PBXContainerItemProxy;
			containerPortal = 7DD3CCCB211937F100D2BCBE /* Project object */;
			proxyType = 1;
			remoteGlobalIDString = 7DD3CCD2211937F100D2BCBE;
			remoteInfo = "UnderTheKitchen-OC";
		};
/* End PBXContainerItemProxy section */

/* Begin PBXFileReference section */
		7DD3CCD3211937F100D2BCBE /* UnderTheKitchen-OC.app */ = {isa = PBXFileReference; explicitFileType = wrapper.application; includeInIndex = 0; path = "UnderTheKitchen-OC.app"; sourceTree = BUILT_PRODUCTS_DIR; };
		7DD3CCD6211937F100D2BCBE /* AppDelegate.h */ = {isa = PBXFileReference; lastKnownFileType = sourcecode.c.h; path = AppDelegate.h; sourceTree = "<group>"; };
		7DD3CCD7211937F100D2BCBE /* AppDelegate.m */ = {isa = PBXFileReference; lastKnownFileType = sourcecode.c.objc; path = AppDelegate.m; sourceTree = "<group>"; };
		7DD3CCDD211937F100D2BCBE /* Base */ = {isa = PBXFileReference; lastKnownFileType = file.storyboard; name = Base; path = Base.lproj/Main.storyboard; sourceTree = "<group>"; };
		7DD3CCDF211937F200D2BCBE /* Assets.xcassets */ = {isa = PBXFileReference; lastKnownFileType = folder.assetcatalog; path = Assets.xcassets; sourceTree = "<group>"; };
		7DD3CCE2211937F200D2BCBE /* Base */ = {isa = PBXFileReference; lastKnownFileType = file.storyboard; name = Base; path = Base.lproj/LaunchScreen.storyboard; sourceTree = "<group>"; };
		7DD3CCE4211937F200D2BCBE /* Info.plist */ = {isa = PBXFileReference; lastKnownFileType = text.plist.xml; path = Info.plist; sourceTree = "<group>"; };
		7DD3CCE5211937F200D2BCBE /* main.m */ = {isa = PBXFileReference; lastKnownFileType = sourcecode.c.objc; path = main.m; sourceTree = "<group>"; };
		7DD3CCEB211937F200D2BCBE /* UnderTheKitchen-OCTests.xctest */ = {isa = PBXFileReference; explicitFileType = wrapper.cfbundle; includeInIndex = 0; path = "UnderTheKitchen-OCTests.xctest"; sourceTree = BUILT_PRODUCTS_DIR; };
		7DD3CCEF211937F200D2BCBE /* UnderTheKitchen_OCTests.m */ = {isa = PBXFileReference; lastKnownFileType = sourcecode.c.objc; path = UnderTheKitchen_OCTests.m; sourceTree = "<group>"; };
		7DD3CCF1211937F200D2BCBE /* Info.plist */ = {isa = PBXFileReference; lastKnownFileType = text.plist.xml; path = Info.plist; sourceTree = "<group>"; };
		7DD3CCF6211937F200D2BCBE /* UnderTheKitchen-OCUITests.xctest */ = {isa = PBXFileReference; explicitFileType = wrapper.cfbundle; includeInIndex = 0; path = "UnderTheKitchen-OCUITests.xctest"; sourceTree = BUILT_PRODUCTS_DIR; };
		7DD3CCFA211937F200D2BCBE /* UnderTheKitchen_OCUITests.m */ = {isa = PBXFileReference; lastKnownFileType = sourcecode.c.objc; path = UnderTheKitchen_OCUITests.m; sourceTree = "<group>"; };
		7DD3CCFC211937F200D2BCBE /* Info.plist */ = {isa = PBXFileReference; lastKnownFileType = text.plist.xml; path = Info.plist; sourceTree = "<group>"; };
		7DDF65812126AC4200A6AE4F /* ios10networksolution.html */ = {isa = PBXFileReference; fileEncoding = 4; lastKnownFileType = text.html; path = ios10networksolution.html; sourceTree = "<group>"; };
		7DDF65832126AD0F00A6AE4F /* UTKNavigationController.h */ = {isa = PBXFileReference; lastKnownFileType = sourcecode.c.h; path = UTKNavigationController.h; sourceTree = "<group>"; };
		7DDF65842126AD0F00A6AE4F /* UTKNavigationController.m */ = {isa = PBXFileReference; lastKnownFileType = sourcecode.c.objc; path = UTKNavigationController.m; sourceTree = "<group>"; };
		7DDF65862126AD3C00A6AE4F /* UTKTabBarController.h */ = {isa = PBXFileReference; lastKnownFileType = sourcecode.c.h; path = UTKTabBarController.h; sourceTree = "<group>"; };
		7DDF65872126AD3C00A6AE4F /* UTKTabBarController.m */ = {isa = PBXFileReference; lastKnownFileType = sourcecode.c.objc; path = UTKTabBarController.m; sourceTree = "<group>"; };
		7DDF65892126AD6C00A6AE4F /* UTKCollectionController.h */ = {isa = PBXFileReference; lastKnownFileType = sourcecode.c.h; path = UTKCollectionController.h; sourceTree = "<group>"; };
		7DDF658A2126AD6C00A6AE4F /* UTKCollectionController.m */ = {isa = PBXFileReference; lastKnownFileType = sourcecode.c.objc; path = UTKCollectionController.m; sourceTree = "<group>"; };
		7DDF658C2126AD8C00A6AE4F /* UTKFairController.h */ = {isa = PBXFileReference; lastKnownFileType = sourcecode.c.h; path = UTKFairController.h; sourceTree = "<group>"; };
		7DDF658D2126AD8C00A6AE4F /* UTKFairController.m */ = {isa = PBXFileReference; lastKnownFileType = sourcecode.c.objc; path = UTKFairController.m; sourceTree = "<group>"; };
		7DDF658F2126ADA100A6AE4F /* UTKMailBoxController.h */ = {isa = PBXFileReference; lastKnownFileType = sourcecode.c.h; path = UTKMailBoxController.h; sourceTree = "<group>"; };
		7DDF65902126ADA100A6AE4F /* UTKMailBoxController.m */ = {isa = PBXFileReference; lastKnownFileType = sourcecode.c.objc; path = UTKMailBoxController.m; sourceTree = "<group>"; };
		7DDF65922126ADAF00A6AE4F /* UTKMeController.h */ = {isa = PBXFileReference; lastKnownFileType = sourcecode.c.h; path = UTKMeController.h; sourceTree = "<group>"; };
		7DDF65932126ADAF00A6AE4F /* UTKMeController.m */ = {isa = PBXFileReference; lastKnownFileType = sourcecode.c.objc; path = UTKMeController.m; sourceTree = "<group>"; };
		7DDF65952126ADC700A6AE4F /* UTKUnderTheKitchenController.h */ = {isa = PBXFileReference; lastKnownFileType = sourcecode.c.h; path = UTKUnderTheKitchenController.h; sourceTree = "<group>"; };
		7DDF65962126ADC700A6AE4F /* UTKUnderTheKitchenController.m */ = {isa = PBXFileReference; lastKnownFileType = sourcecode.c.objc; path = UTKUnderTheKitchenController.m; sourceTree = "<group>"; };
		7DDF65982126ADFB00A6AE4F /* UTKCommonController.h */ = {isa = PBXFileReference; lastKnownFileType = sourcecode.c.h; path = UTKCommonController.h; sourceTree = "<group>"; };
		7DDF65992126ADFB00A6AE4F /* UTKCommonController.m */ = {isa = PBXFileReference; lastKnownFileType = sourcecode.c.objc; path = UTKCommonController.m; sourceTree = "<group>"; };
		7DDF659B2126B3DA00A6AE4F /* UIView+UTKExtension.h */ = {isa = PBXFileReference; lastKnownFileType = sourcecode.c.h; path = "UIView+UTKExtension.h"; sourceTree = "<group>"; };
		7DDF659C2126B3DA00A6AE4F /* UIView+UTKExtension.m */ = {isa = PBXFileReference; lastKnownFileType = sourcecode.c.objc; path = "UIView+UTKExtension.m"; sourceTree = "<group>"; };
		7DDF659E2126B49800A6AE4F /* UnderTheKitchenPrefixHeader.pch */ = {isa = PBXFileReference; lastKnownFileType = sourcecode.c.h; path = UnderTheKitchenPrefixHeader.pch; sourceTree = "<group>"; };
		7DDF659F2126B8E200A6AE4F /* CommonColor.h */ = {isa = PBXFileReference; lastKnownFileType = sourcecode.c.h; path = CommonColor.h; sourceTree = "<group>"; };
		7DDF65A02126CFCB00A6AE4F /* UIButton+UTKExtensionPostion.h */ = {isa = PBXFileReference; lastKnownFileType = sourcecode.c.h; path = "UIButton+UTKExtensionPostion.h"; sourceTree = "<group>"; };
		7DDF65A12126CFCB00A6AE4F /* UIButton+UTKExtensionPostion.m */ = {isa = PBXFileReference; lastKnownFileType = sourcecode.c.objc; path = "UIButton+UTKExtensionPostion.m"; sourceTree = "<group>"; };
		7DDF65A32126D57900A6AE4F /* placeholder */ = {isa = PBXFileReference; fileEncoding = 4; lastKnownFileType = text; path = placeholder; sourceTree = "<group>"; };
		7DDF65A52126D59100A6AE4F /* placeholder */ = {isa = PBXFileReference; fileEncoding = 4; lastKnownFileType = text; path = placeholder; sourceTree = "<group>"; };
		7DDF65A72126D78400A6AE4F /* UTKBasketViewController.h */ = {isa = PBXFileReference; lastKnownFileType = sourcecode.c.h; path = UTKBasketViewController.h; sourceTree = "<group>"; };
		7DDF65A82126D78400A6AE4F /* UTKBasketViewController.m */ = {isa = PBXFileReference; lastKnownFileType = sourcecode.c.objc; path = UTKBasketViewController.m; sourceTree = "<group>"; };
		7DDF65AA2126D8E500A6AE4F /* UTKMeSettingViewController.h */ = {isa = PBXFileReference; lastKnownFileType = sourcecode.c.h; path = UTKMeSettingViewController.h; sourceTree = "<group>"; };
		7DDF65AB2126D8E500A6AE4F /* UTKMeSettingViewController.m */ = {isa = PBXFileReference; lastKnownFileType = sourcecode.c.objc; path = UTKMeSettingViewController.m; sourceTree = "<group>"; };
		7DDF65AD2126D97000A6AE4F /* UTKMeSearchFriendViewController.h */ = {isa = PBXFileReference; lastKnownFileType = sourcecode.c.h; path = UTKMeSearchFriendViewController.h; sourceTree = "<group>"; };
		7DDF65AE2126D97000A6AE4F /* UTKMeSearchFriendViewController.m */ = {isa = PBXFileReference; lastKnownFileType = sourcecode.c.objc; path = UTKMeSearchFriendViewController.m; sourceTree = "<group>"; };
		7DDF65B02126E7B500A6AE4F /* UTKMailBoxSearchViewController.h */ = {isa = PBXFileReference; lastKnownFileType = sourcecode.c.h; path = UTKMailBoxSearchViewController.h; sourceTree = "<group>"; };
		7DDF65B12126E7B500A6AE4F /* UTKMailBoxSearchViewController.m */ = {isa = PBXFileReference; lastKnownFileType = sourcecode.c.objc; path = UTKMailBoxSearchViewController.m; sourceTree = "<group>"; };
		8CEE54B9963643EE003BF3C1 /* Pods-UnderTheKitchen-OC.release.xcconfig */ = {isa = PBXFileReference; includeInIndex = 1; lastKnownFileType = text.xcconfig; name = "Pods-UnderTheKitchen-OC.release.xcconfig"; path = "Pods/Target Support Files/Pods-UnderTheKitchen-OC/Pods-UnderTheKitchen-OC.release.xcconfig"; sourceTree = "<group>"; };
		D1D36FEED121F2FE791F0DDF /* Pods-UnderTheKitchen-OC.debug.xcconfig */ = {isa = PBXFileReference; includeInIndex = 1; lastKnownFileType = text.xcconfig; name = "Pods-UnderTheKitchen-OC.debug.xcconfig"; path = "Pods/Target Support Files/Pods-UnderTheKitchen-OC/Pods-UnderTheKitchen-OC.debug.xcconfig"; sourceTree = "<group>"; };
		F712F5A005AEBC0EA583A556 /* Pods_UnderTheKitchen_OC.framework */ = {isa = PBXFileReference; explicitFileType = wrapper.framework; includeInIndex = 0; path = Pods_UnderTheKitchen_OC.framework; sourceTree = BUILT_PRODUCTS_DIR; };
/* End PBXFileReference section */

/* Begin PBXFrameworksBuildPhase section */
		7DD3CCD0211937F100D2BCBE /* Frameworks */ = {
			isa = PBXFrameworksBuildPhase;
			buildActionMask = 2147483647;
			files = (
				02ED3463BCB393F8117C959D /* Pods_UnderTheKitchen_OC.framework in Frameworks */,
			);
			runOnlyForDeploymentPostprocessing = 0;
		};
		7DD3CCE8211937F200D2BCBE /* Frameworks */ = {
			isa = PBXFrameworksBuildPhase;
			buildActionMask = 2147483647;
			files = (
			);
			runOnlyForDeploymentPostprocessing = 0;
		};
		7DD3CCF3211937F200D2BCBE /* Frameworks */ = {
			isa = PBXFrameworksBuildPhase;
			buildActionMask = 2147483647;
			files = (
			);
			runOnlyForDeploymentPostprocessing = 0;
		};
/* End PBXFrameworksBuildPhase section */

/* Begin PBXGroup section */
		2B2289F13976551E1E0CA4D6 /* Frameworks */ = {
			isa = PBXGroup;
			children = (
				F712F5A005AEBC0EA583A556 /* Pods_UnderTheKitchen_OC.framework */,
			);
			name = Frameworks;
			sourceTree = "<group>";
		};
		7DD3CCCA211937F100D2BCBE = {
			isa = PBXGroup;
			children = (
				7DD3CCD5211937F100D2BCBE /* UnderTheKitchen-OC */,
				7DD3CCEE211937F200D2BCBE /* UnderTheKitchen-OCTests */,
				7DD3CCF9211937F200D2BCBE /* UnderTheKitchen-OCUITests */,
				7DD3CCD4211937F100D2BCBE /* Products */,
				C258BED6F009FAEA08459668 /* Pods */,
				2B2289F13976551E1E0CA4D6 /* Frameworks */,
			);
			sourceTree = "<group>";
		};
		7DD3CCD4211937F100D2BCBE /* Products */ = {
			isa = PBXGroup;
			children = (
				7DD3CCD3211937F100D2BCBE /* UnderTheKitchen-OC.app */,
				7DD3CCEB211937F200D2BCBE /* UnderTheKitchen-OCTests.xctest */,
				7DD3CCF6211937F200D2BCBE /* UnderTheKitchen-OCUITests.xctest */,
			);
			name = Products;
			sourceTree = "<group>";
		};
		7DD3CCD5211937F100D2BCBE /* UnderTheKitchen-OC */ = {
			isa = PBXGroup;
			children = (
				7DDF655C2126ABBD00A6AE4F /* Classes */,
				7DD3CCD6211937F100D2BCBE /* AppDelegate.h */,
				7DD3CCD7211937F100D2BCBE /* AppDelegate.m */,
				7DD3CCDC211937F100D2BCBE /* Main.storyboard */,
				7DD3CCDF211937F200D2BCBE /* Assets.xcassets */,
				7DD3CCE1211937F200D2BCBE /* LaunchScreen.storyboard */,
				7DD3CCE4211937F200D2BCBE /* Info.plist */,
				7DD3CCE5211937F200D2BCBE /* main.m */,
			);
			path = "UnderTheKitchen-OC";
			sourceTree = "<group>";
		};
		7DD3CCEE211937F200D2BCBE /* UnderTheKitchen-OCTests */ = {
			isa = PBXGroup;
			children = (
				7DD3CCEF211937F200D2BCBE /* UnderTheKitchen_OCTests.m */,
				7DD3CCF1211937F200D2BCBE /* Info.plist */,
			);
			path = "UnderTheKitchen-OCTests";
			sourceTree = "<group>";
		};
		7DD3CCF9211937F200D2BCBE /* UnderTheKitchen-OCUITests */ = {
			isa = PBXGroup;
			children = (
				7DD3CCFA211937F200D2BCBE /* UnderTheKitchen_OCUITests.m */,
				7DD3CCFC211937F200D2BCBE /* Info.plist */,
			);
			path = "UnderTheKitchen-OCUITests";
			sourceTree = "<group>";
		};
		7DDF655C2126ABBD00A6AE4F /* Classes */ = {
			isa = PBXGroup;
			children = (
				7DDF655D2126ABBD00A6AE4F /* Common */,
				7DDF65612126ABBD00A6AE4F /* Config */,
				7DDF65622126ABBD00A6AE4F /* Macro */,
				7DDF65632126ABBD00A6AE4F /* Modules */,
				7DDF657D2126ABBD00A6AE4F /* Resources */,
				7DDF657E2126ABBD00A6AE4F /* Tools */,
				7DDF65802126ABBD00A6AE4F /* Vendors */,
			);
			path = Classes;
			sourceTree = "<group>";
		};
		7DDF655D2126ABBD00A6AE4F /* Common */ = {
			isa = PBXGroup;
			children = (
				7DDF655E2126ABBD00A6AE4F /* Navigation */,
				7DDF655F2126ABBD00A6AE4F /* NetWork */,
				7DDF65602126ABBD00A6AE4F /* TabBar */,
			);
			path = Common;
			sourceTree = "<group>";
		};
		7DDF655E2126ABBD00A6AE4F /* Navigation */ = {
			isa = PBXGroup;
			children = (
				7DDF65832126AD0F00A6AE4F /* UTKNavigationController.h */,
				7DDF65842126AD0F00A6AE4F /* UTKNavigationController.m */,
			);
			path = Navigation;
			sourceTree = "<group>";
		};
		7DDF655F2126ABBD00A6AE4F /* NetWork */ = {
			isa = PBXGroup;
			children = (
				7DDF65A32126D57900A6AE4F /* placeholder */,
			);
			path = NetWork;
			sourceTree = "<group>";
		};
		7DDF65602126ABBD00A6AE4F /* TabBar */ = {
			isa = PBXGroup;
			children = (
				7DDF65862126AD3C00A6AE4F /* UTKTabBarController.h */,
				7DDF65872126AD3C00A6AE4F /* UTKTabBarController.m */,
				7DDF65982126ADFB00A6AE4F /* UTKCommonController.h */,
				7DDF65992126ADFB00A6AE4F /* UTKCommonController.m */,
			);
			path = TabBar;
			sourceTree = "<group>";
		};
		7DDF65612126ABBD00A6AE4F /* Config */ = {
			isa = PBXGroup;
			children = (
				7DDF659E2126B49800A6AE4F /* UnderTheKitchenPrefixHeader.pch */,
			);
			path = Config;
			sourceTree = "<group>";
		};
		7DDF65622126ABBD00A6AE4F /* Macro */ = {
			isa = PBXGroup;
			children = (
				7DDF659F2126B8E200A6AE4F /* CommonColor.h */,
			);
			path = Macro;
			sourceTree = "<group>";
		};
		7DDF65632126ABBD00A6AE4F /* Modules */ = {
			isa = PBXGroup;
			children = (
				7DDF65642126ABBD00A6AE4F /* Collection */,
				7DDF65692126ABBD00A6AE4F /* Fair */,
				7DDF656E2126ABBD00A6AE4F /* MailBox */,
				7DDF65732126ABBD00A6AE4F /* Me */,
				7DDF65782126ABBD00A6AE4F /* UnderTheKitchen */,
			);
			path = Modules;
			sourceTree = "<group>";
		};
		7DDF65642126ABBD00A6AE4F /* Collection */ = {
			isa = PBXGroup;
			children = (
				7DDF65652126ABBD00A6AE4F /* Controller */,
				7DDF65662126ABBD00A6AE4F /* Model */,
				7DDF65672126ABBD00A6AE4F /* View */,
				7DDF65682126ABBD00A6AE4F /* ViewModel */,
			);
			path = Collection;
			sourceTree = "<group>";
		};
		7DDF65652126ABBD00A6AE4F /* Controller */ = {
			isa = PBXGroup;
			children = (
				7DDF65892126AD6C00A6AE4F /* UTKCollectionController.h */,
				7DDF658A2126AD6C00A6AE4F /* UTKCollectionController.m */,
			);
			path = Controller;
			sourceTree = "<group>";
		};
		7DDF65662126ABBD00A6AE4F /* Model */ = {
			isa = PBXGroup;
			children = (
			);
			path = Model;
			sourceTree = "<group>";
		};
		7DDF65672126ABBD00A6AE4F /* View */ = {
			isa = PBXGroup;
			children = (
			);
			path = View;
			sourceTree = "<group>";
		};
		7DDF65682126ABBD00A6AE4F /* ViewModel */ = {
			isa = PBXGroup;
			children = (
			);
			path = ViewModel;
			sourceTree = "<group>";
		};
		7DDF65692126ABBD00A6AE4F /* Fair */ = {
			isa = PBXGroup;
			children = (
				7DDF656A2126ABBD00A6AE4F /* Controller */,
				7DDF656B2126ABBD00A6AE4F /* Model */,
				7DDF656C2126ABBD00A6AE4F /* View */,
				7DDF656D2126ABBD00A6AE4F /* ViewModel */,
			);
			path = Fair;
			sourceTree = "<group>";
		};
		7DDF656A2126ABBD00A6AE4F /* Controller */ = {
			isa = PBXGroup;
			children = (
				7DDF658C2126AD8C00A6AE4F /* UTKFairController.h */,
				7DDF658D2126AD8C00A6AE4F /* UTKFairController.m */,
			);
			path = Controller;
			sourceTree = "<group>";
		};
		7DDF656B2126ABBD00A6AE4F /* Model */ = {
			isa = PBXGroup;
			children = (
			);
			path = Model;
			sourceTree = "<group>";
		};
		7DDF656C2126ABBD00A6AE4F /* View */ = {
			isa = PBXGroup;
			children = (
			);
			path = View;
			sourceTree = "<group>";
		};
		7DDF656D2126ABBD00A6AE4F /* ViewModel */ = {
			isa = PBXGroup;
			children = (
			);
			path = ViewModel;
			sourceTree = "<group>";
		};
		7DDF656E2126ABBD00A6AE4F /* MailBox */ = {
			isa = PBXGroup;
			children = (
				7DDF656F2126ABBD00A6AE4F /* Controller */,
				7DDF65702126ABBD00A6AE4F /* Model */,
				7DDF65712126ABBD00A6AE4F /* View */,
				7DDF65722126ABBD00A6AE4F /* ViewModel */,
			);
			path = MailBox;
			sourceTree = "<group>";
		};
		7DDF656F2126ABBD00A6AE4F /* Controller */ = {
			isa = PBXGroup;
			children = (
				7DDF658F2126ADA100A6AE4F /* UTKMailBoxController.h */,
				7DDF65902126ADA100A6AE4F /* UTKMailBoxController.m */,
				7DDF65B02126E7B500A6AE4F /* UTKMailBoxSearchViewController.h */,
				7DDF65B12126E7B500A6AE4F /* UTKMailBoxSearchViewController.m */,
			);
			path = Controller;
			sourceTree = "<group>";
		};
		7DDF65702126ABBD00A6AE4F /* Model */ = {
			isa = PBXGroup;
			children = (
			);
			path = Model;
			sourceTree = "<group>";
		};
		7DDF65712126ABBD00A6AE4F /* View */ = {
			isa = PBXGroup;
			children = (
			);
			path = View;
			sourceTree = "<group>";
		};
		7DDF65722126ABBD00A6AE4F /* ViewModel */ = {
			isa = PBXGroup;
			children = (
			);
			path = ViewModel;
			sourceTree = "<group>";
		};
		7DDF65732126ABBD00A6AE4F /* Me */ = {
			isa = PBXGroup;
			children = (
				7DDF65742126ABBD00A6AE4F /* Controller */,
				7DDF65752126ABBD00A6AE4F /* Model */,
				7DDF65762126ABBD00A6AE4F /* View */,
				7DDF65772126ABBD00A6AE4F /* ViewModel */,
			);
			path = Me;
			sourceTree = "<group>";
		};
		7DDF65742126ABBD00A6AE4F /* Controller */ = {
			isa = PBXGroup;
			children = (
				7DDF65922126ADAF00A6AE4F /* UTKMeController.h */,
				7DDF65932126ADAF00A6AE4F /* UTKMeController.m */,
				7DDF65AA2126D8E500A6AE4F /* UTKMeSettingViewController.h */,
				7DDF65AB2126D8E500A6AE4F /* UTKMeSettingViewController.m */,
				7DDF65AD2126D97000A6AE4F /* UTKMeSearchFriendViewController.h */,
				7DDF65AE2126D97000A6AE4F /* UTKMeSearchFriendViewController.m */,
			);
			path = Controller;
			sourceTree = "<group>";
		};
		7DDF65752126ABBD00A6AE4F /* Model */ = {
			isa = PBXGroup;
			children = (
			);
			path = Model;
			sourceTree = "<group>";
		};
		7DDF65762126ABBD00A6AE4F /* View */ = {
			isa = PBXGroup;
			children = (
			);
			path = View;
			sourceTree = "<group>";
		};
		7DDF65772126ABBD00A6AE4F /* ViewModel */ = {
			isa = PBXGroup;
			children = (
			);
			path = ViewModel;
			sourceTree = "<group>";
		};
		7DDF65782126ABBD00A6AE4F /* UnderTheKitchen */ = {
			isa = PBXGroup;
			children = (
				7DDF65792126ABBD00A6AE4F /* Controller */,
				7DDF657A2126ABBD00A6AE4F /* Model */,
				7DDF657B2126ABBD00A6AE4F /* View */,
				7DDF657C2126ABBD00A6AE4F /* ViewModel */,
			);
			path = UnderTheKitchen;
			sourceTree = "<group>";
		};
		7DDF65792126ABBD00A6AE4F /* Controller */ = {
			isa = PBXGroup;
			children = (
				7DDF65952126ADC700A6AE4F /* UTKUnderTheKitchenController.h */,
				7DDF65962126ADC700A6AE4F /* UTKUnderTheKitchenController.m */,
				7DDF65A72126D78400A6AE4F /* UTKBasketViewController.h */,
				7DDF65A82126D78400A6AE4F /* UTKBasketViewController.m */,
			);
			path = Controller;
			sourceTree = "<group>";
		};
		7DDF657A2126ABBD00A6AE4F /* Model */ = {
			isa = PBXGroup;
			children = (
			);
			path = Model;
			sourceTree = "<group>";
		};
		7DDF657B2126ABBD00A6AE4F /* View */ = {
			isa = PBXGroup;
			children = (
			);
			path = View;
			sourceTree = "<group>";
		};
		7DDF657C2126ABBD00A6AE4F /* ViewModel */ = {
			isa = PBXGroup;
			children = (
			);
			path = ViewModel;
			sourceTree = "<group>";
		};
		7DDF657D2126ABBD00A6AE4F /* Resources */ = {
			isa = PBXGroup;
			children = (
				7DDF65812126AC4200A6AE4F /* ios10networksolution.html */,
			);
			path = Resources;
			sourceTree = "<group>";
		};
		7DDF657E2126ABBD00A6AE4F /* Tools */ = {
			isa = PBXGroup;
			children = (
				7DDF657F2126ABBD00A6AE4F /* Category */,
			);
			path = Tools;
			sourceTree = "<group>";
		};
		7DDF657F2126ABBD00A6AE4F /* Category */ = {
			isa = PBXGroup;
			children = (
				7DDF659B2126B3DA00A6AE4F /* UIView+UTKExtension.h */,
				7DDF659C2126B3DA00A6AE4F /* UIView+UTKExtension.m */,
				7DDF65A02126CFCB00A6AE4F /* UIButton+UTKExtensionPostion.h */,
				7DDF65A12126CFCB00A6AE4F /* UIButton+UTKExtensionPostion.m */,
			);
			path = Category;
			sourceTree = "<group>";
		};
		7DDF65802126ABBD00A6AE4F /* Vendors */ = {
			isa = PBXGroup;
			children = (
				7DDF65A52126D59100A6AE4F /* placeholder */,
			);
			path = Vendors;
			sourceTree = "<group>";
		};
		C258BED6F009FAEA08459668 /* Pods */ = {
			isa = PBXGroup;
			children = (
				D1D36FEED121F2FE791F0DDF /* Pods-UnderTheKitchen-OC.debug.xcconfig */,
				8CEE54B9963643EE003BF3C1 /* Pods-UnderTheKitchen-OC.release.xcconfig */,
			);
			name = Pods;
			sourceTree = "<group>";
		};
/* End PBXGroup section */

/* Begin PBXNativeTarget section */
		7DD3CCD2211937F100D2BCBE /* UnderTheKitchen-OC */ = {
			isa = PBXNativeTarget;
			buildConfigurationList = 7DD3CCFF211937F200D2BCBE /* Build configuration list for PBXNativeTarget "UnderTheKitchen-OC" */;
			buildPhases = (
				CAEC395384C947BFBC403BAF /* [CP] Check Pods Manifest.lock */,
				7DD3CCCF211937F100D2BCBE /* Sources */,
				7DD3CCD0211937F100D2BCBE /* Frameworks */,
				7DD3CCD1211937F100D2BCBE /* Resources */,
				38E5547C088E1EC198FBF052 /* [CP] Embed Pods Frameworks */,
				3B615D0331F558D3492F6695 /* [CP] Copy Pods Resources */,
			);
			buildRules = (
			);
			dependencies = (
			);
			name = "UnderTheKitchen-OC";
			productName = "UnderTheKitchen-OC";
			productReference = 7DD3CCD3211937F100D2BCBE /* UnderTheKitchen-OC.app */;
			productType = "com.apple.product-type.application";
		};
		7DD3CCEA211937F200D2BCBE /* UnderTheKitchen-OCTests */ = {
			isa = PBXNativeTarget;
			buildConfigurationList = 7DD3CD02211937F200D2BCBE /* Build configuration list for PBXNativeTarget "UnderTheKitchen-OCTests" */;
			buildPhases = (
				7DD3CCE7211937F200D2BCBE /* Sources */,
				7DD3CCE8211937F200D2BCBE /* Frameworks */,
				7DD3CCE9211937F200D2BCBE /* Resources */,
			);
			buildRules = (
			);
			dependencies = (
				7DD3CCED211937F200D2BCBE /* PBXTargetDependency */,
			);
			name = "UnderTheKitchen-OCTests";
			productName = "UnderTheKitchen-OCTests";
			productReference = 7DD3CCEB211937F200D2BCBE /* UnderTheKitchen-OCTests.xctest */;
			productType = "com.apple.product-type.bundle.unit-test";
		};
		7DD3CCF5211937F200D2BCBE /* UnderTheKitchen-OCUITests */ = {
			isa = PBXNativeTarget;
			buildConfigurationList = 7DD3CD05211937F200D2BCBE /* Build configuration list for PBXNativeTarget "UnderTheKitchen-OCUITests" */;
			buildPhases = (
				7DD3CCF2211937F200D2BCBE /* Sources */,
				7DD3CCF3211937F200D2BCBE /* Frameworks */,
				7DD3CCF4211937F200D2BCBE /* Resources */,
			);
			buildRules = (
			);
			dependencies = (
				7DD3CCF8211937F200D2BCBE /* PBXTargetDependency */,
			);
			name = "UnderTheKitchen-OCUITests";
			productName = "UnderTheKitchen-OCUITests";
			productReference = 7DD3CCF6211937F200D2BCBE /* UnderTheKitchen-OCUITests.xctest */;
			productType = "com.apple.product-type.bundle.ui-testing";
		};
/* End PBXNativeTarget section */

/* Begin PBXProject section */
		7DD3CCCB211937F100D2BCBE /* Project object */ = {
			isa = PBXProject;
			attributes = {
				LastUpgradeCheck = 0930;
				ORGANIZATIONNAME = wsl;
				TargetAttributes = {
					7DD3CCD2211937F100D2BCBE = {
						CreatedOnToolsVersion = 9.3.1;
					};
					7DD3CCEA211937F200D2BCBE = {
						CreatedOnToolsVersion = 9.3.1;
						TestTargetID = 7DD3CCD2211937F100D2BCBE;
					};
					7DD3CCF5211937F200D2BCBE = {
						CreatedOnToolsVersion = 9.3.1;
						TestTargetID = 7DD3CCD2211937F100D2BCBE;
					};
				};
			};
			buildConfigurationList = 7DD3CCCE211937F100D2BCBE /* Build configuration list for PBXProject "UnderTheKitchen-OC" */;
			compatibilityVersion = "Xcode 9.3";
			developmentRegion = en;
			hasScannedForEncodings = 0;
			knownRegions = (
				en,
				Base,
			);
			mainGroup = 7DD3CCCA211937F100D2BCBE;
			productRefGroup = 7DD3CCD4211937F100D2BCBE /* Products */;
			projectDirPath = "";
			projectRoot = "";
			targets = (
				7DD3CCD2211937F100D2BCBE /* UnderTheKitchen-OC */,
				7DD3CCEA211937F200D2BCBE /* UnderTheKitchen-OCTests */,
				7DD3CCF5211937F200D2BCBE /* UnderTheKitchen-OCUITests */,
			);
		};
/* End PBXProject section */

/* Begin PBXResourcesBuildPhase section */
		7DD3CCD1211937F100D2BCBE /* Resources */ = {
			isa = PBXResourcesBuildPhase;
			buildActionMask = 2147483647;
			files = (
				7DDF65A62126D59100A6AE4F /* placeholder in Resources */,
				7DD3CCE3211937F200D2BCBE /* LaunchScreen.storyboard in Resources */,
				7DD3CCE0211937F200D2BCBE /* Assets.xcassets in Resources */,
				7DD3CCDE211937F100D2BCBE /* Main.storyboard in Resources */,
				7DDF65A42126D57900A6AE4F /* placeholder in Resources */,
				7DDF65822126AC4200A6AE4F /* ios10networksolution.html in Resources */,
			);
			runOnlyForDeploymentPostprocessing = 0;
		};
		7DD3CCE9211937F200D2BCBE /* Resources */ = {
			isa = PBXResourcesBuildPhase;
			buildActionMask = 2147483647;
			files = (
			);
			runOnlyForDeploymentPostprocessing = 0;
		};
		7DD3CCF4211937F200D2BCBE /* Resources */ = {
			isa = PBXResourcesBuildPhase;
			buildActionMask = 2147483647;
			files = (
			);
			runOnlyForDeploymentPostprocessing = 0;
		};
/* End PBXResourcesBuildPhase section */

/* Begin PBXShellScriptBuildPhase section */
		38E5547C088E1EC198FBF052 /* [CP] Embed Pods Frameworks */ = {
			isa = PBXShellScriptBuildPhase;
			buildActionMask = 2147483647;
			files = (
			);
			inputPaths = (
				"${SRCROOT}/Pods/Target Support Files/Pods-UnderTheKitchen-OC/Pods-UnderTheKitchen-OC-frameworks.sh",
				"${BUILT_PRODUCTS_DIR}/AFNetworking/AFNetworking.framework",
				"${BUILT_PRODUCTS_DIR}/MBProgressHUD/MBProgressHUD.framework",
				"${BUILT_PRODUCTS_DIR}/MJRefresh/MJRefresh.framework",
				"${BUILT_PRODUCTS_DIR}/SDCycleScrollView/SDCycleScrollView.framework",
				"${BUILT_PRODUCTS_DIR}/SDWebImage/SDWebImage.framework",
			);
			name = "[CP] Embed Pods Frameworks";
			outputPaths = (
				"${TARGET_BUILD_DIR}/${FRAMEWORKS_FOLDER_PATH}/AFNetworking.framework",
				"${TARGET_BUILD_DIR}/${FRAMEWORKS_FOLDER_PATH}/MBProgressHUD.framework",
				"${TARGET_BUILD_DIR}/${FRAMEWORKS_FOLDER_PATH}/MJRefresh.framework",
				"${TARGET_BUILD_DIR}/${FRAMEWORKS_FOLDER_PATH}/SDCycleScrollView.framework",
				"${TARGET_BUILD_DIR}/${FRAMEWORKS_FOLDER_PATH}/SDWebImage.framework",
			);
			runOnlyForDeploymentPostprocessing = 0;
			shellPath = /bin/sh;
			shellScript = "\"${SRCROOT}/Pods/Target Support Files/Pods-UnderTheKitchen-OC/Pods-UnderTheKitchen-OC-frameworks.sh\"\n";
			showEnvVarsInLog = 0;
		};
		3B615D0331F558D3492F6695 /* [CP] Copy Pods Resources */ = {
			isa = PBXShellScriptBuildPhase;
			buildActionMask = 2147483647;
			files = (
			);
			inputPaths = (
			);
			name = "[CP] Copy Pods Resources";
			outputPaths = (
			);
			runOnlyForDeploymentPostprocessing = 0;
			shellPath = /bin/sh;
			shellScript = "\"${SRCROOT}/Pods/Target Support Files/Pods-UnderTheKitchen-OC/Pods-UnderTheKitchen-OC-resources.sh\"\n";
			showEnvVarsInLog = 0;
		};
		CAEC395384C947BFBC403BAF /* [CP] Check Pods Manifest.lock */ = {
			isa = PBXShellScriptBuildPhase;
			buildActionMask = 2147483647;
			files = (
			);
			inputPaths = (
				"${PODS_PODFILE_DIR_PATH}/Podfile.lock",
				"${PODS_ROOT}/Manifest.lock",
			);
			name = "[CP] Check Pods Manifest.lock";
			outputPaths = (
				"$(DERIVED_FILE_DIR)/Pods-UnderTheKitchen-OC-checkManifestLockResult.txt",
			);
			runOnlyForDeploymentPostprocessing = 0;
			shellPath = /bin/sh;
			shellScript = "diff \"${PODS_PODFILE_DIR_PATH}/Podfile.lock\" \"${PODS_ROOT}/Manifest.lock\" > /dev/null\nif [ $? != 0 ] ; then\n    # print error to STDERR\n    echo \"error: The sandbox is not in sync with the Podfile.lock. Run 'pod install' or update your CocoaPods installation.\" >&2\n    exit 1\nfi\n# This output is used by Xcode 'outputs' to avoid re-running this script phase.\necho \"SUCCESS\" > \"${SCRIPT_OUTPUT_FILE_0}\"\n";
			showEnvVarsInLog = 0;
		};
/* End PBXShellScriptBuildPhase section */

/* Begin PBXSourcesBuildPhase section */
		7DD3CCCF211937F100D2BCBE /* Sources */ = {
			isa = PBXSourcesBuildPhase;
			buildActionMask = 2147483647;
			files = (
				7DDF65B22126E7B500A6AE4F /* UTKMailBoxSearchViewController.m in Sources */,
				7DDF65912126ADA100A6AE4F /* UTKMailBoxController.m in Sources */,
				7DDF658E2126AD8C00A6AE4F /* UTKFairController.m in Sources */,
				7DDF658B2126AD6C00A6AE4F /* UTKCollectionController.m in Sources */,
				7DDF65882126AD3C00A6AE4F /* UTKTabBarController.m in Sources */,
				7DDF65AC2126D8E500A6AE4F /* UTKMeSettingViewController.m in Sources */,
				7DD3CCE6211937F200D2BCBE /* main.m in Sources */,
				7DDF659D2126B3DA00A6AE4F /* UIView+UTKExtension.m in Sources */,
				7DDF65852126AD0F00A6AE4F /* UTKNavigationController.m in Sources */,
				7DDF65A22126CFCB00A6AE4F /* UIButton+UTKExtensionPostion.m in Sources */,
				7DDF65972126ADC700A6AE4F /* UTKUnderTheKitchenController.m in Sources */,
				7DDF659A2126ADFB00A6AE4F /* UTKCommonController.m in Sources */,
				7DDF65942126ADAF00A6AE4F /* UTKMeController.m in Sources */,
				7DDF65A92126D78400A6AE4F /* UTKBasketViewController.m in Sources */,
				7DD3CCD8211937F100D2BCBE /* AppDelegate.m in Sources */,
				7DDF65AF2126D97000A6AE4F /* UTKMeSearchFriendViewController.m in Sources */,
			);
			runOnlyForDeploymentPostprocessing = 0;
		};
		7DD3CCE7211937F200D2BCBE /* Sources */ = {
			isa = PBXSourcesBuildPhase;
			buildActionMask = 2147483647;
			files = (
				7DD3CCF0211937F200D2BCBE /* UnderTheKitchen_OCTests.m in Sources */,
			);
			runOnlyForDeploymentPostprocessing = 0;
		};
		7DD3CCF2211937F200D2BCBE /* Sources */ = {
			isa = PBXSourcesBuildPhase;
			buildActionMask = 2147483647;
			files = (
				7DD3CCFB211937F200D2BCBE /* UnderTheKitchen_OCUITests.m in Sources */,
			);
			runOnlyForDeploymentPostprocessing = 0;
		};
/* End PBXSourcesBuildPhase section */

/* Begin PBXTargetDependency section */
		7DD3CCED211937F200D2BCBE /* PBXTargetDependency */ = {
			isa = PBXTargetDependency;
			target = 7DD3CCD2211937F100D2BCBE /* UnderTheKitchen-OC */;
			targetProxy = 7DD3CCEC211937F200D2BCBE /* PBXContainerItemProxy */;
		};
		7DD3CCF8211937F200D2BCBE /* PBXTargetDependency */ = {
			isa = PBXTargetDependency;
			target = 7DD3CCD2211937F100D2BCBE /* UnderTheKitchen-OC */;
			targetProxy = 7DD3CCF7211937F200D2BCBE /* PBXContainerItemProxy */;
		};
/* End PBXTargetDependency section */

/* Begin PBXVariantGroup section */
		7DD3CCDC211937F100D2BCBE /* Main.storyboard */ = {
			isa = PBXVariantGroup;
			children = (
				7DD3CCDD211937F100D2BCBE /* Base */,
			);
			name = Main.storyboard;
			sourceTree = "<group>";
		};
		7DD3CCE1211937F200D2BCBE /* LaunchScreen.storyboard */ = {
			isa = PBXVariantGroup;
			children = (
				7DD3CCE2211937F200D2BCBE /* Base */,
			);
			name = LaunchScreen.storyboard;
			sourceTree = "<group>";
		};
/* End PBXVariantGroup section */

/* Begin XCBuildConfiguration section */
		7DD3CCFD211937F200D2BCBE /* Debug */ = {
			isa = XCBuildConfiguration;
			buildSettings = {
				ALWAYS_SEARCH_USER_PATHS = NO;
				CLANG_ANALYZER_NONNULL = YES;
				CLANG_ANALYZER_NUMBER_OBJECT_CONVERSION = YES_AGGRESSIVE;
				CLANG_CXX_LANGUAGE_STANDARD = "gnu++14";
				CLANG_CXX_LIBRARY = "libc++";
				CLANG_ENABLE_MODULES = YES;
				CLANG_ENABLE_OBJC_ARC = YES;
				CLANG_ENABLE_OBJC_WEAK = YES;
				CLANG_WARN_BLOCK_CAPTURE_AUTORELEASING = YES;
				CLANG_WARN_BOOL_CONVERSION = YES;
				CLANG_WARN_COMMA = YES;
				CLANG_WARN_CONSTANT_CONVERSION = YES;
				CLANG_WARN_DEPRECATED_OBJC_IMPLEMENTATIONS = YES;
				CLANG_WARN_DIRECT_OBJC_ISA_USAGE = YES_ERROR;
				CLANG_WARN_DOCUMENTATION_COMMENTS = YES;
				CLANG_WARN_EMPTY_BODY = YES;
				CLANG_WARN_ENUM_CONVERSION = YES;
				CLANG_WARN_INFINITE_RECURSION = YES;
				CLANG_WARN_INT_CONVERSION = YES;
				CLANG_WARN_NON_LITERAL_NULL_CONVERSION = YES;
				CLANG_WARN_OBJC_IMPLICIT_RETAIN_SELF = YES;
				CLANG_WARN_OBJC_LITERAL_CONVERSION = YES;
				CLANG_WARN_OBJC_ROOT_CLASS = YES_ERROR;
				CLANG_WARN_RANGE_LOOP_ANALYSIS = YES;
				CLANG_WARN_STRICT_PROTOTYPES = YES;
				CLANG_WARN_SUSPICIOUS_MOVE = YES;
				CLANG_WARN_UNGUARDED_AVAILABILITY = YES_AGGRESSIVE;
				CLANG_WARN_UNREACHABLE_CODE = YES;
				CLANG_WARN__DUPLICATE_METHOD_MATCH = YES;
				CODE_SIGN_IDENTITY = "iPhone Developer";
				COPY_PHASE_STRIP = NO;
				DEBUG_INFORMATION_FORMAT = dwarf;
				ENABLE_STRICT_OBJC_MSGSEND = YES;
				ENABLE_TESTABILITY = YES;
				GCC_C_LANGUAGE_STANDARD = gnu11;
				GCC_DYNAMIC_NO_PIC = NO;
				GCC_NO_COMMON_BLOCKS = YES;
				GCC_OPTIMIZATION_LEVEL = 0;
				GCC_PREPROCESSOR_DEFINITIONS = (
					"DEBUG=1",
					"$(inherited)",
				);
				GCC_WARN_64_TO_32_BIT_CONVERSION = YES;
				GCC_WARN_ABOUT_RETURN_TYPE = YES_ERROR;
				GCC_WARN_UNDECLARED_SELECTOR = YES;
				GCC_WARN_UNINITIALIZED_AUTOS = YES_AGGRESSIVE;
				GCC_WARN_UNUSED_FUNCTION = YES;
				GCC_WARN_UNUSED_VARIABLE = YES;
				IPHONEOS_DEPLOYMENT_TARGET = 11.3;
				MTL_ENABLE_DEBUG_INFO = YES;
				ONLY_ACTIVE_ARCH = YES;
				SDKROOT = iphoneos;
			};
			name = Debug;
		};
		7DD3CCFE211937F200D2BCBE /* Release */ = {
			isa = XCBuildConfiguration;
			buildSettings = {
				ALWAYS_SEARCH_USER_PATHS = NO;
				CLANG_ANALYZER_NONNULL = YES;
				CLANG_ANALYZER_NUMBER_OBJECT_CONVERSION = YES_AGGRESSIVE;
				CLANG_CXX_LANGUAGE_STANDARD = "gnu++14";
				CLANG_CXX_LIBRARY = "libc++";
				CLANG_ENABLE_MODULES = YES;
				CLANG_ENABLE_OBJC_ARC = YES;
				CLANG_ENABLE_OBJC_WEAK = YES;
				CLANG_WARN_BLOCK_CAPTURE_AUTORELEASING = YES;
				CLANG_WARN_BOOL_CONVERSION = YES;
				CLANG_WARN_COMMA = YES;
				CLANG_WARN_CONSTANT_CONVERSION = YES;
				CLANG_WARN_DEPRECATED_OBJC_IMPLEMENTATIONS = YES;
				CLANG_WARN_DIRECT_OBJC_ISA_USAGE = YES_ERROR;
				CLANG_WARN_DOCUMENTATION_COMMENTS = YES;
				CLANG_WARN_EMPTY_BODY = YES;
				CLANG_WARN_ENUM_CONVERSION = YES;
				CLANG_WARN_INFINITE_RECURSION = YES;
				CLANG_WARN_INT_CONVERSION = YES;
				CLANG_WARN_NON_LITERAL_NULL_CONVERSION = YES;
				CLANG_WARN_OBJC_IMPLICIT_RETAIN_SELF = YES;
				CLANG_WARN_OBJC_LITERAL_CONVERSION = YES;
				CLANG_WARN_OBJC_ROOT_CLASS = YES_ERROR;
				CLANG_WARN_RANGE_LOOP_ANALYSIS = YES;
				CLANG_WARN_STRICT_PROTOTYPES = YES;
				CLANG_WARN_SUSPICIOUS_MOVE = YES;
				CLANG_WARN_UNGUARDED_AVAILABILITY = YES_AGGRESSIVE;
				CLANG_WARN_UNREACHABLE_CODE = YES;
				CLANG_WARN__DUPLICATE_METHOD_MATCH = YES;
				CODE_SIGN_IDENTITY = "iPhone Developer";
				COPY_PHASE_STRIP = NO;
				DEBUG_INFORMATION_FORMAT = "dwarf-with-dsym";
				ENABLE_NS_ASSERTIONS = NO;
				ENABLE_STRICT_OBJC_MSGSEND = YES;
				GCC_C_LANGUAGE_STANDARD = gnu11;
				GCC_NO_COMMON_BLOCKS = YES;
				GCC_WARN_64_TO_32_BIT_CONVERSION = YES;
				GCC_WARN_ABOUT_RETURN_TYPE = YES_ERROR;
				GCC_WARN_UNDECLARED_SELECTOR = YES;
				GCC_WARN_UNINITIALIZED_AUTOS = YES_AGGRESSIVE;
				GCC_WARN_UNUSED_FUNCTION = YES;
				GCC_WARN_UNUSED_VARIABLE = YES;
				IPHONEOS_DEPLOYMENT_TARGET = 11.3;
				MTL_ENABLE_DEBUG_INFO = NO;
				SDKROOT = iphoneos;
				VALIDATE_PRODUCT = YES;
			};
			name = Release;
		};
		7DD3CD00211937F200D2BCBE /* Debug */ = {
			isa = XCBuildConfiguration;
			baseConfigurationReference = D1D36FEED121F2FE791F0DDF /* Pods-UnderTheKitchen-OC.debug.xcconfig */;
			buildSettings = {
				ASSETCATALOG_COMPILER_APPICON_NAME = AppIcon;
				ASSETCATALOG_COMPILER_LAUNCHIMAGE_NAME = LaunchImage;
				CODE_SIGN_STYLE = Automatic;
				DEVELOPMENT_TEAM = 2MSHCVV74T;
				GCC_PRECOMPILE_PREFIX_HEADER = YES;
				GCC_PREFIX_HEADER = "$(SRCROOT)/UnderTheKitchen-OC/Classes/Config/UnderTheKitchenPrefixHeader.pch";
				INFOPLIST_FILE = "UnderTheKitchen-OC/Info.plist";
				IPHONEOS_DEPLOYMENT_TARGET = 9.0;
				LD_RUNPATH_SEARCH_PATHS = (
					"$(inherited)",
					"@executable_path/Frameworks",
				);
				PRODUCT_BUNDLE_IDENTIFIER = "com.wsl.UnderTheKitchen-OC";
				PRODUCT_NAME = "$(TARGET_NAME)";
				TARGETED_DEVICE_FAMILY = 1;
			};
			name = Debug;
		};
		7DD3CD01211937F200D2BCBE /* Release */ = {
			isa = XCBuildConfiguration;
			baseConfigurationReference = 8CEE54B9963643EE003BF3C1 /* Pods-UnderTheKitchen-OC.release.xcconfig */;
			buildSettings = {
				ASSETCATALOG_COMPILER_APPICON_NAME = AppIcon;
				ASSETCATALOG_COMPILER_LAUNCHIMAGE_NAME = LaunchImage;
				CODE_SIGN_STYLE = Automatic;
				DEVELOPMENT_TEAM = 2MSHCVV74T;
				GCC_PRECOMPILE_PREFIX_HEADER = YES;
				GCC_PREFIX_HEADER = "$(SRCROOT)/UnderTheKitchen-OC/Classes/Config/UnderTheKitchenPrefixHeader.pch";
				INFOPLIST_FILE = "UnderTheKitchen-OC/Info.plist";
				IPHONEOS_DEPLOYMENT_TARGET = 9.0;
				LD_RUNPATH_SEARCH_PATHS = (
					"$(inherited)",
					"@executable_path/Frameworks",
				);
				PRODUCT_BUNDLE_IDENTIFIER = "com.wsl.UnderTheKitchen-OC";
				PRODUCT_NAME = "$(TARGET_NAME)";
				TARGETED_DEVICE_FAMILY = 1;
			};
			name = Release;
		};
		7DD3CD03211937F200D2BCBE /* Debug */ = {
			isa = XCBuildConfiguration;
			buildSettings = {
				BUNDLE_LOADER = "$(TEST_HOST)";
				CODE_SIGN_STYLE = Automatic;
				INFOPLIST_FILE = "UnderTheKitchen-OCTests/Info.plist";
				LD_RUNPATH_SEARCH_PATHS = (
					"$(inherited)",
					"@executable_path/Frameworks",
					"@loader_path/Frameworks",
				);
				PRODUCT_BUNDLE_IDENTIFIER = "com.wsl.UnderTheKitchen-OCTests";
				PRODUCT_NAME = "$(TARGET_NAME)";
				TARGETED_DEVICE_FAMILY = "1,2";
				TEST_HOST = "$(BUILT_PRODUCTS_DIR)/UnderTheKitchen-OC.app/UnderTheKitchen-OC";
			};
			name = Debug;
		};
		7DD3CD04211937F200D2BCBE /* Release */ = {
			isa = XCBuildConfiguration;
			buildSettings = {
				BUNDLE_LOADER = "$(TEST_HOST)";
				CODE_SIGN_STYLE = Automatic;
				INFOPLIST_FILE = "UnderTheKitchen-OCTests/Info.plist";
				LD_RUNPATH_SEARCH_PATHS = (
					"$(inherited)",
					"@executable_path/Frameworks",
					"@loader_path/Frameworks",
				);
				PRODUCT_BUNDLE_IDENTIFIER = "com.wsl.UnderTheKitchen-OCTests";
				PRODUCT_NAME = "$(TARGET_NAME)";
				TARGETED_DEVICE_FAMILY = "1,2";
				TEST_HOST = "$(BUILT_PRODUCTS_DIR)/UnderTheKitchen-OC.app/UnderTheKitchen-OC";
			};
			name = Release;
		};
		7DD3CD06211937F200D2BCBE /* Debug */ = {
			isa = XCBuildConfiguration;
			buildSettings = {
				CODE_SIGN_STYLE = Automatic;
				INFOPLIST_FILE = "UnderTheKitchen-OCUITests/Info.plist";
				LD_RUNPATH_SEARCH_PATHS = (
					"$(inherited)",
					"@executable_path/Frameworks",
					"@loader_path/Frameworks",
				);
				PRODUCT_BUNDLE_IDENTIFIER = "com.wsl.UnderTheKitchen-OCUITests";
				PRODUCT_NAME = "$(TARGET_NAME)";
				TARGETED_DEVICE_FAMILY = "1,2";
				TEST_TARGET_NAME = "UnderTheKitchen-OC";
			};
			name = Debug;
		};
		7DD3CD07211937F200D2BCBE /* Release */ = {
			isa = XCBuildConfiguration;
			buildSettings = {
				CODE_SIGN_STYLE = Automatic;
				INFOPLIST_FILE = "UnderTheKitchen-OCUITests/Info.plist";
				LD_RUNPATH_SEARCH_PATHS = (
					"$(inherited)",
					"@executable_path/Frameworks",
					"@loader_path/Frameworks",
				);
				PRODUCT_BUNDLE_IDENTIFIER = "com.wsl.UnderTheKitchen-OCUITests";
				PRODUCT_NAME = "$(TARGET_NAME)";
				TARGETED_DEVICE_FAMILY = "1,2";
				TEST_TARGET_NAME = "UnderTheKitchen-OC";
			};
			name = Release;
		};
/* End XCBuildConfiguration section */

/* Begin XCConfigurationList section */
		7DD3CCCE211937F100D2BCBE /* Build configuration list for PBXProject "UnderTheKitchen-OC" */ = {
			isa = XCConfigurationList;
			buildConfigurations = (
				7DD3CCFD211937F200D2BCBE /* Debug */,
				7DD3CCFE211937F200D2BCBE /* Release */,
			);
			defaultConfigurationIsVisible = 0;
			defaultConfigurationName = Release;
		};
		7DD3CCFF211937F200D2BCBE /* Build configuration list for PBXNativeTarget "UnderTheKitchen-OC" */ = {
			isa = XCConfigurationList;
			buildConfigurations = (
				7DD3CD00211937F200D2BCBE /* Debug */,
				7DD3CD01211937F200D2BCBE /* Release */,
			);
			defaultConfigurationIsVisible = 0;
			defaultConfigurationName = Release;
		};
		7DD3CD02211937F200D2BCBE /* Build configuration list for PBXNativeTarget "UnderTheKitchen-OCTests" */ = {
			isa = XCConfigurationList;
			buildConfigurations = (
				7DD3CD03211937F200D2BCBE /* Debug */,
				7DD3CD04211937F200D2BCBE /* Release */,
			);
			defaultConfigurationIsVisible = 0;
			defaultConfigurationName = Release;
		};
		7DD3CD05211937F200D2BCBE /* Build configuration list for PBXNativeTarget "UnderTheKitchen-OCUITests" */ = {
			isa = XCConfigurationList;
			buildConfigurations = (
				7DD3CD06211937F200D2BCBE /* Debug */,
				7DD3CD07211937F200D2BCBE /* Release */,
			);
			defaultConfigurationIsVisible = 0;
			defaultConfigurationName = Release;
		};
/* End XCConfigurationList section */
	};
	rootObject = 7DD3CCCB211937F100D2BCBE /* Project object */;
}
